
Microsoft Visual Studio Solution File, Format Version 12.00
# Visual Studio 15
VisualStudioVersion = 15.0.28010.2041
MinimumVisualStudioVersion = 10.0.40219.1
Project("{FAE04EC0-301F-11D3-BF4B-00C04F79EFBC}") = "TravelDetroit", "TravelDetroit\TravelDetroit.csproj", "{9E305A54-481A-49DE-A826-880968A40905}"
EndProject
Global
	GlobalSection(SolutionConfigurationPlatforms) = preSolution
		Debug|Any CPU = Debug|Any CPU
		Release|Any CPU = Release|Any CPU
	EndGlobalSection
	GlobalSection(ProjectConfigurationPlatforms) = postSolution
		{9E305A54-481A-49DE-A826-880968A40905}.Debug|Any CPU.ActiveCfg = Debug|Any CPU
		{9E305A54-481A-49DE-A826-880968A40905}.Debug|Any CPU.Build.0 = Debug|Any CPU
		{9E305A54-481A-49DE-A826-880968A40905}.Release|Any CPU.ActiveCfg = Release|Any CPU
		{9E305A54-481A-49DE-A826-880968A40905}.Release|Any CPU.Build.0 = Release|Any CPU
	EndGlobalSection
	GlobalSection(SolutionProperties) = preSolution
		HideSolutionNode = FALSE
	EndGlobalSection
	GlobalSection(ExtensibilityGlobals) = postSolution
		SolutionGuid = {A76C4B8C-7AF1-4111-9057-DDE966F0D495}
	EndGlobalSection
EndGlobal
